// !$*UTF8*$!
{
	archiveVersion = 1;
	classes = {
	};
	objectVersion = 46;
	objects = {

/* Begin PBXBuildFile section */
		4878A7A92017034400B6E85D /* AppDelegate.swift in Sources */ = {isa = PBXBuildFile; fileRef = 4878A7A82017034400B6E85D /* AppDelegate.swift */; };
		4878A7AB2017034400B6E85D /* TasksViewController.swift in Sources */ = {isa = PBXBuildFile; fileRef = 4878A7AA2017034400B6E85D /* TasksViewController.swift */; };
		4878A7AE2017034400B6E85D /* Main.storyboard in Resources */ = {isa = PBXBuildFile; fileRef = 4878A7AC2017034400B6E85D /* Main.storyboard */; };
		4878A7B12017034400B6E85D /* MyDoit.xcdatamodeld in Sources */ = {isa = PBXBuildFile; fileRef = 4878A7AF2017034400B6E85D /* MyDoit.xcdatamodeld */; };
		4878A7B32017034400B6E85D /* Assets.xcassets in Resources */ = {isa = PBXBuildFile; fileRef = 4878A7B22017034400B6E85D /* Assets.xcassets */; };
		4878A7B62017034400B6E85D /* LaunchScreen.storyboard in Resources */ = {isa = PBXBuildFile; fileRef = 4878A7B42017034400B6E85D /* LaunchScreen.storyboard */; };
		4878A7C2201CF48D00B6E85D /* CreateTaskViewController.swift in Sources */ = {isa = PBXBuildFile; fileRef = 4878A7C1201CF48D00B6E85D /* CreateTaskViewController.swift */; };
		4895FA7A201CFE3200CCBBDB /* CompleteTaskViewController.swift in Sources */ = {isa = PBXBuildFile; fileRef = 4895FA79201CFE3200CCBBDB /* CompleteTaskViewController.swift */; };
/* End PBXBuildFile section */

/* Begin PBXFileReference section */
		4878A7A52017034400B6E85D /* MyDoit.app */ = {isa = PBXFileReference; explicitFileType = wrapper.application; includeInIndex = 0; path = MyDoit.app; sourceTree = BUILT_PRODUCTS_DIR; };
		4878A7A82017034400B6E85D /* AppDelegate.swift */ = {isa = PBXFileReference; lastKnownFileType = sourcecode.swift; path = AppDelegate.swift; sourceTree = "<group>"; };
		4878A7AA2017034400B6E85D /* TasksViewController.swift */ = {isa = PBXFileReference; lastKnownFileType = sourcecode.swift; path = TasksViewController.swift; sourceTree = "<group>"; };
		4878A7AD2017034400B6E85D /* Base */ = {isa = PBXFileReference; lastKnownFileType = file.storyboard; name = Base; path = Base.lproj/Main.storyboard; sourceTree = "<group>"; };
		4878A7B02017034400B6E85D /* MyDoit.xcdatamodel */ = {isa = PBXFileReference; lastKnownFileType = wrapper.xcdatamodel; path = MyDoit.xcdatamodel; sourceTree = "<group>"; };
		4878A7B22017034400B6E85D /* Assets.xcassets */ = {isa = PBXFileReference; lastKnownFileType = folder.assetcatalog; path = Assets.xcassets; sourceTree = "<group>"; };
		4878A7B52017034400B6E85D /* Base */ = {isa = PBXFileReference; lastKnownFileType = file.storyboard; name = Base; path = Base.lproj/LaunchScreen.storyboard; sourceTree = "<group>"; };
		4878A7B72017034400B6E85D /* Info.plist */ = {isa = PBXFileReference; lastKnownFileType = text.plist.xml; path = Info.plist; sourceTree = "<group>"; };
		4878A7C1201CF48D00B6E85D /* CreateTaskViewController.swift */ = {isa = PBXFileReference; fileEncoding = 4; lastKnownFileType = sourcecode.swift; path = CreateTaskViewController.swift; sourceTree = "<group>"; };
		4895FA79201CFE3200CCBBDB /* CompleteTaskViewController.swift */ = {isa = PBXFileReference; fileEncoding = 4; lastKnownFileType = sourcecode.swift; path = CompleteTaskViewController.swift; sourceTree = "<group>"; };
/* End PBXFileReference section */

/* Begin PBXFrameworksBuildPhase section */
		4878A7A22017034400B6E85D /* Frameworks */ = {
			isa = PBXFrameworksBuildPhase;
			buildActionMask = 2147483647;
			files = (
			);
			runOnlyForDeploymentPostprocessing = 0;
		};
/* End PBXFrameworksBuildPhase section */

/* Begin PBXGroup section */
		4878A79C2017034400B6E85D = {
			isa = PBXGroup;
			children = (
				4878A7A72017034400B6E85D /* MyDoit */,
				4878A7A62017034400B6E85D /* Products */,
			);
			sourceTree = "<group>";
		};
		4878A7A62017034400B6E85D /* Products */ = {
			isa = PBXGroup;
			children = (
				4878A7A52017034400B6E85D /* MyDoit.app */,
			);
			name = Products;
			sourceTree = "<group>";
		};
		4878A7A72017034400B6E85D /* MyDoit */ = {
			isa = PBXGroup;
			children = (
				4878A7A82017034400B6E85D /* AppDelegate.swift */,
				4878A7AA2017034400B6E85D /* TasksViewController.swift */,
				4878A7C1201CF48D00B6E85D /* CreateTaskViewController.swift */,
				4895FA79201CFE3200CCBBDB /* CompleteTaskViewController.swift */,
				4878A7AC2017034400B6E85D /* Main.storyboard */,
				4878A7B22017034400B6E85D /* Assets.xcassets */,
				4878A7B42017034400B6E85D /* LaunchScreen.storyboard */,
				4878A7B72017034400B6E85D /* Info.plist */,
				4878A7AF2017034400B6E85D /* MyDoit.xcdatamodeld */,
			);
			path = MyDoit;
			sourceTree = "<group>";
		};
/* End PBXGroup section */

/* Begin PBXNativeTarget section */
		4878A7A42017034400B6E85D /* MyDoit */ = {
			isa = PBXNativeTarget;
			buildConfigurationList = 4878A7BA2017034400B6E85D /* Build configuration list for PBXNativeTarget "MyDoit" */;
			buildPhases = (
				4878A7A12017034400B6E85D /* Sources */,
				4878A7A22017034400B6E85D /* Frameworks */,
				4878A7A32017034400B6E85D /* Resources */,
			);
			buildRules = (
			);
			dependencies = (
			);
			name = MyDoit;
			productName = MyDoit;
			productReference = 4878A7A52017034400B6E85D /* MyDoit.app */;
			productType = "com.apple.product-type.application";
		};
/* End PBXNativeTarget section */

/* Begin PBXProject section */
		4878A79D2017034400B6E85D /* Project object */ = {
			isa = PBXProject;
			attributes = {
				LastSwiftUpdateCheck = 0830;
				LastUpgradeCheck = 0830;
				ORGANIZATIONNAME = "Conan Tran";
				TargetAttributes = {
					4878A7A42017034400B6E85D = {
						CreatedOnToolsVersion = 8.3.3;
						ProvisioningStyle = Automatic;
					};
				};
			};
			buildConfigurationList = 4878A7A02017034400B6E85D /* Build configuration list for PBXProject "MyDoit" */;
			compatibilityVersion = "Xcode 3.2";
			developmentRegion = English;
			hasScannedForEncodings = 0;
			knownRegions = (
				en,
				Base,
			);
			mainGroup = 4878A79C2017034400B6E85D;
			productRefGroup = 4878A7A62017034400B6E85D /* Products */;
			projectDirPath = "";
			projectRoot = "";
			targets = (
				4878A7A42017034400B6E85D /* MyDoit */,
			);
		};
/* End PBXProject section */

/* Begin PBXResourcesBuildPhase section */
		4878A7A32017034400B6E85D /* Resources */ = {
			isa = PBXResourcesBuildPhase;
			buildActionMask = 2147483647;
			files = (
				4878A7B62017034400B6E85D /* LaunchScreen.storyboard in Resources */,
				4878A7B32017034400B6E85D /* Assets.xcassets in Resources */,
				4878A7AE2017034400B6E85D /* Main.storyboard in Resources */,
			);
			runOnlyForDeploymentPostprocessing = 0;
		};
/* End PBXResourcesBuildPhase section */

/* Begin PBXSourcesBuildPhase section */
		4878A7A12017034400B6E85D /* Sources */ = {
			isa = PBXSourcesBuildPhase;
			buildActionMask = 2147483647;
			files = (
				4878A7AB2017034400B6E85D /* TasksViewController.swift in Sources */,
				4895FA7A201CFE3200CCBBDB /* CompleteTaskViewController.swift in Sources */,
				4878A7B12017034400B6E85D /* MyDoit.xcdatamodeld in Sources */,
				4878A7A92017034400B6E85D /* AppDelegate.swift in Sources */,
				4878A7C2201CF48D00B6E85D /* CreateTaskViewController.swift in Sources */,
			);
			runOnlyForDeploymentPostprocessing = 0;
		};
/* End PBXSourcesBuildPhase section */

/* Begin PBXVariantGroup section */
		4878A7AC2017034400B6E85D /* Main.storyboard */ = {
			isa = PBXVariantGroup;
			children = (
				4878A7AD2017034400B6E85D /* Base */,
			);
			name = Main.storyboard;
			sourceTree = "<group>";
		};
		4878A7B42017034400B6E85D /* LaunchScreen.storyboard */ = {
			isa = PBXVariantGroup;
			children = (
				4878A7B52017034400B6E85D /* Base */,
			);
			name = LaunchScreen.storyboard;
			sourceTree = "<group>";
		};
/* End PBXVariantGroup section */

/* Begin XCBuildConfiguration section */
		4878A7B82017034400B6E85D /* Debug */ = {
			isa = XCBuildConfiguration;
			buildSettings = {
				ALWAYS_SEARCH_USER_PATHS = NO;
				CLANG_ANALYZER_NONNULL = YES;
				CLANG_ANALYZER_NUMBER_OBJECT_CONVERSION = YES_AGGRESSIVE;
				CLANG_CXX_LANGUAGE_STANDARD = "gnu++0x";
				CLANG_CXX_LIBRARY = "libc++";
				CLANG_ENABLE_MODULES = YES;
				CLANG_ENABLE_OBJC_ARC = YES;
				CLANG_WARN_BOOL_CONVERSION = YES;
				CLANG_WARN_CONSTANT_CONVERSION = YES;
				CLANG_WARN_DIRECT_OBJC_ISA_USAGE = YES_ERROR;
				CLANG_WARN_DOCUMENTATION_COMMENTS = YES;
				CLANG_WARN_EMPTY_BODY = YES;
				CLANG_WARN_ENUM_CONVERSION = YES;
				CLANG_WARN_INFINITE_RECURSION = YES;
				CLANG_WARN_INT_CONVERSION = YES;
				CLANG_WARN_OBJC_ROOT_CLASS = YES_ERROR;
				CLANG_WARN_SUSPICIOUS_MOVE = YES;
				CLANG_WARN_UNREACHABLE_CODE = YES;
				CLANG_WARN__DUPLICATE_METHOD_MATCH = YES;
				"CODE_SIGN_IDENTITY[sdk=iphoneos*]" = "iPhone Developer";
				COPY_PHASE_STRIP = NO;
				DEBUG_INFORMATION_FORMAT = dwarf;
				ENABLE_STRICT_OBJC_MSGSEND = YES;
				ENABLE_TESTABILITY = YES;
				GCC_C_LANGUAGE_STANDARD = gnu99;
				GCC_DYNAMIC_NO_PIC = NO;
				GCC_NO_COMMON_BLOCKS = YES;
				GCC_OPTIMIZATION_LEVEL = 0;
				GCC_PREPROCESSOR_DEFINITIONS = (
					"DEBUG=1",
					"$(inherited)",
				);
				GCC_WARN_64_TO_32_BIT_CONVERSION = YES;
				GCC_WARN_ABOUT_RETURN_TYPE = YES_ERROR;
				GCC_WARN_UNDECLARED_SELECTOR = YES;
				GCC_WARN_UNINITIALIZED_AUTOS = YES_AGGRESSIVE;
				GCC_WARN_UNUSED_FUNCTION = YES;
				GCC_WARN_UNUSED_VARIABLE = YES;
				IPHONEOS_DEPLOYMENT_TARGET = 10.3;
				MTL_ENABLE_DEBUG_INFO = YES;
				ONLY_ACTIVE_ARCH = YES;
				SDKROOT = iphoneos;
				SWIFT_ACTIVE_COMPILATION_CONDITIONS = DEBUG;
				SWIFT_OPTIMIZATION_LEVEL = "-Onone";
				TARGETED_DEVICE_FAMILY = "1,2";
			};
			name = Debug;
		};
		4878A7B92017034400B6E85D /* Release */ = {
			isa = XCBuildConfiguration;
			buildSettings = {
				ALWAYS_SEARCH_USER_PATHS = NO;
				CLANG_ANALYZER_NONNULL = YES;
				CLANG_ANALYZER_NUMBER_OBJECT_CONVERSION = YES_AGGRESSIVE;
				CLANG_CXX_LANGUAGE_STANDARD = "gnu++0x";
				CLANG_CXX_LIBRARY = "libc++";
				CLANG_ENABLE_MODULES = YES;
				CLANG_ENABLE_OBJC_ARC = YES;
				CLANG_WARN_BOOL_CONVERSION = YES;
				CLANG_WARN_CONSTANT_CONVERSION = YES;
				CLANG_WARN_DIRECT_OBJC_ISA_USAGE = YES_ERROR;
				CLANG_WARN_DOCUMENTATION_COMMENTS = YES;
				CLANG_WARN_EMPTY_BODY = YES;
				CLANG_WARN_ENUM_CONVERSION = YES;
				CLANG_WARN_INFINITE_RECURSION = YES;
				CLANG_WARN_INT_CONVERSION = YES;
				CLANG_WARN_OBJC_ROOT_CLASS = YES_ERROR;
				CLANG_WARN_SUSPICIOUS_MOVE = YES;
				CLANG_WARN_UNREACHABLE_CODE = YES;
				CLANG_WARN__DUPLICATE_METHOD_MATCH = YES;
				"CODE_SIGN_IDENTITY[sdk=iphoneos*]" = "iPhone Developer";
				COPY_PHASE_STRIP = NO;
				DEBUG_INFORMATION_FORMAT = "dwarf-with-dsym";
				ENABLE_NS_ASSERTIONS = NO;
				ENABLE_STRICT_OBJC_MSGSEND = YES;
				GCC_C_LANGUAGE_STANDARD = gnu99;
				GCC_NO_COMMON_BLOCKS = YES;
				GCC_WARN_64_TO_32_BIT_CONVERSION = YES;
				GCC_WARN_ABOUT_RETURN_TYPE = YES_ERROR;
				GCC_WARN_UNDECLARED_SELECTOR = YES;
				GCC_WARN_UNINITIALIZED_AUTOS = YES_AGGRESSIVE;
				GCC_WARN_UNUSED_FUNCTION = YES;
				GCC_WARN_UNUSED_VARIABLE = YES;
				IPHONEOS_DEPLOYMENT_TARGET = 10.3;
				MTL_ENABLE_DEBUG_INFO = NO;
				SDKROOT = iphoneos;
				SWIFT_OPTIMIZATION_LEVEL = "-Owholemodule";
				TARGETED_DEVICE_FAMILY = "1,2";
				VALIDATE_PRODUCT = YES;
			};
			name = Release;
		};
		4878A7BB2017034400B6E85D /* Debug */ = {
			isa = XCBuildConfiguration;
			buildSettings = {
				ASSETCATALOG_COMPILER_APPICON_NAME = AppIcon;
				INFOPLIST_FILE = MyDoit/Info.plist;
				LD_RUNPATH_SEARCH_PATHS = "$(inherited) @executable_path/Frameworks";
				PRODUCT_BUNDLE_IDENTIFIER = com.conantran.MyDoit;
				PRODUCT_NAME = "$(TARGET_NAME)";
				SWIFT_VERSION = 3.0;
			};
			name = Debug;
		};
		4878A7BC2017034400B6E85D /* Release */ = {
			isa = XCBuildConfiguration;
			buildSettings = {
				ASSETCATALOG_COMPILER_APPICON_NAME = AppIcon;
				INFOPLIST_FILE = MyDoit/Info.plist;
				LD_RUNPATH_SEARCH_PATHS = "$(inherited) @executable_path/Frameworks";
				PRODUCT_BUNDLE_IDENTIFIER = com.conantran.MyDoit;
				PRODUCT_NAME = "$(TARGET_NAME)";
				SWIFT_VERSION = 3.0;
			};
			name = Release;
		};
/* End XCBuildConfiguration section */

/* Begin XCConfigurationList section */
		4878A7A02017034400B6E85D /* Build configuration list for PBXProject "MyDoit" */ = {
			isa = XCConfigurationList;
			buildConfigurations = (
				4878A7B82017034400B6E85D /* Debug */,
				4878A7B92017034400B6E85D /* Release */,
			);
			defaultConfigurationIsVisible = 0;
			defaultConfigurationName = Release;
		};
		4878A7BA2017034400B6E85D /* Build configuration list for PBXNativeTarget "MyDoit" */ = {
			isa = XCConfigurationList;
			buildConfigurations = (
				4878A7BB2017034400B6E85D /* Debug */,
				4878A7BC2017034400B6E85D /* Release */,
			);
			defaultConfigurationIsVisible = 0;
			defaultConfigurationName = Release;
		};
/* End XCConfigurationList section */

/* Begin XCVersionGroup section */
		4878A7AF2017034400B6E85D /* MyDoit.xcdatamodeld */ = {
			isa = XCVersionGroup;
			children = (
				4878A7B02017034400B6E85D /* MyDoit.xcdatamodel */,
			);
			currentVersion = 4878A7B02017034400B6E85D /* MyDoit.xcdatamodel */;
			path = MyDoit.xcdatamodeld;
			sourceTree = "<group>";
			versionGroupType = wrapper.xcdatamodel;
		};
/* End XCVersionGroup section */
	};
	rootObject = 4878A79D2017034400B6E85D /* Project object */;
}
